// !$*UTF8*$!
{
	archiveVersion = 1;
	classes = {
	};
	objectVersion = 48;
	objects = {

/* Begin PBXBuildFile section */
		80688A67204CE4CB00F0CDE0 /* AppDelegate.swift in Sources */ = {isa = PBXBuildFile; fileRef = 80688A66204CE4CB00F0CDE0 /* AppDelegate.swift */; };
		80688A69204CE4CB00F0CDE0 /* ViewController.swift in Sources */ = {isa = PBXBuildFile; fileRef = 80688A68204CE4CB00F0CDE0 /* ViewController.swift */; };
		80688A6C204CE4CB00F0CDE0 /* Main.storyboard in Resources */ = {isa = PBXBuildFile; fileRef = 80688A6A204CE4CB00F0CDE0 /* Main.storyboard */; };
		80688A6E204CE4CB00F0CDE0 /* Assets.xcassets in Resources */ = {isa = PBXBuildFile; fileRef = 80688A6D204CE4CB00F0CDE0 /* Assets.xcassets */; };
		80688A71204CE4CB00F0CDE0 /* LaunchScreen.storyboard in Resources */ = {isa = PBXBuildFile; fileRef = 80688A6F204CE4CB00F0CDE0 /* LaunchScreen.storyboard */; };
		80688A79204D103F00F0CDE0 /* Person.swift in Sources */ = {isa = PBXBuildFile; fileRef = 80688A78204D103F00F0CDE0 /* Person.swift */; };
		80688A7B204D105D00F0CDE0 /* Student.swift in Sources */ = {isa = PBXBuildFile; fileRef = 80688A7A204D105D00F0CDE0 /* Student.swift */; };
/* End PBXBuildFile section */

/* Begin PBXFileReference section */
		80688A63204CE4CB00F0CDE0 /* Swift进阶知识1.app */ = {isa = PBXFileReference; explicitFileType = wrapper.application; includeInIndex = 0; path = "Swift进阶知识1.app"; sourceTree = BUILT_PRODUCTS_DIR; };
		80688A66204CE4CB00F0CDE0 /* AppDelegate.swift */ = {isa = PBXFileReference; lastKnownFileType = sourcecode.swift; path = AppDelegate.swift; sourceTree = "<group>"; };
		80688A68204CE4CB00F0CDE0 /* ViewController.swift */ = {isa = PBXFileReference; lastKnownFileType = sourcecode.swift; path = ViewController.swift; sourceTree = "<group>"; };
		80688A6B204CE4CB00F0CDE0 /* Base */ = {isa = PBXFileReference; lastKnownFileType = file.storyboard; name = Base; path = Base.lproj/Main.storyboard; sourceTree = "<group>"; };
		80688A6D204CE4CB00F0CDE0 /* Assets.xcassets */ = {isa = PBXFileReference; lastKnownFileType = folder.assetcatalog; path = Assets.xcassets; sourceTree = "<group>"; };
		80688A70204CE4CB00F0CDE0 /* Base */ = {isa = PBXFileReference; lastKnownFileType = file.storyboard; name = Base; path = Base.lproj/LaunchScreen.storyboard; sourceTree = "<group>"; };
		80688A72204CE4CB00F0CDE0 /* Info.plist */ = {isa = PBXFileReference; lastKnownFileType = text.plist.xml; path = Info.plist; sourceTree = "<group>"; };
		80688A78204D103F00F0CDE0 /* Person.swift */ = {isa = PBXFileReference; lastKnownFileType = sourcecode.swift; path = Person.swift; sourceTree = "<group>"; };
		80688A7A204D105D00F0CDE0 /* Student.swift */ = {isa = PBXFileReference; lastKnownFileType = sourcecode.swift; path = Student.swift; sourceTree = "<group>"; };
/* End PBXFileReference section */

/* Begin PBXFrameworksBuildPhase section */
		80688A60204CE4CB00F0CDE0 /* Frameworks */ = {
			isa = PBXFrameworksBuildPhase;
			buildActionMask = 2147483647;
			files = (
			);
			runOnlyForDeploymentPostprocessing = 0;
		};
/* End PBXFrameworksBuildPhase section */

/* Begin PBXGroup section */
		80688A5A204CE4CA00F0CDE0 = {
			isa = PBXGroup;
			children = (
				80688A65204CE4CB00F0CDE0 /* Swift进阶知识1 */,
				80688A64204CE4CB00F0CDE0 /* Products */,
			);
			sourceTree = "<group>";
		};
		80688A64204CE4CB00F0CDE0 /* Products */ = {
			isa = PBXGroup;
			children = (
				80688A63204CE4CB00F0CDE0 /* Swift进阶知识1.app */,
			);
			name = Products;
			sourceTree = "<group>";
		};
		80688A65204CE4CB00F0CDE0 /* Swift进阶知识1 */ = {
			isa = PBXGroup;
			children = (
				80688A66204CE4CB00F0CDE0 /* AppDelegate.swift */,
				80688A68204CE4CB00F0CDE0 /* ViewController.swift */,
				80688A78204D103F00F0CDE0 /* Person.swift */,
				80688A7A204D105D00F0CDE0 /* Student.swift */,
				80688A6A204CE4CB00F0CDE0 /* Main.storyboard */,
				80688A6D204CE4CB00F0CDE0 /* Assets.xcassets */,
				80688A6F204CE4CB00F0CDE0 /* LaunchScreen.storyboard */,
				80688A72204CE4CB00F0CDE0 /* Info.plist */,
			);
			path = "Swift进阶知识1";
			sourceTree = "<group>";
		};
/* End PBXGroup section */

/* Begin PBXNativeTarget section */
		80688A62204CE4CB00F0CDE0 /* Swift进阶知识1 */ = {
			isa = PBXNativeTarget;
			buildConfigurationList = 80688A75204CE4CB00F0CDE0 /* Build configuration list for PBXNativeTarget "Swift进阶知识1" */;
			buildPhases = (
				80688A5F204CE4CB00F0CDE0 /* Sources */,
				80688A60204CE4CB00F0CDE0 /* Frameworks */,
				80688A61204CE4CB00F0CDE0 /* Resources */,
			);
			buildRules = (
			);
			dependencies = (
			);
			name = "Swift进阶知识1";
			productName = "Swift进阶知识1";
			productReference = 80688A63204CE4CB00F0CDE0 /* Swift进阶知识1.app */;
			productType = "com.apple.product-type.application";
		};
/* End PBXNativeTarget section */

/* Begin PBXProject section */
		80688A5B204CE4CA00F0CDE0 /* Project object */ = {
			isa = PBXProject;
			attributes = {
				LastSwiftUpdateCheck = 0920;
				LastUpgradeCheck = 0920;
				ORGANIZATIONNAME = zxh;
				TargetAttributes = {
					80688A62204CE4CB00F0CDE0 = {
						CreatedOnToolsVersion = 9.2;
						ProvisioningStyle = Automatic;
					};
				};
			};
			buildConfigurationList = 80688A5E204CE4CA00F0CDE0 /* Build configuration list for PBXProject "Swift进阶知识1" */;
			compatibilityVersion = "Xcode 8.0";
			developmentRegion = en;
			hasScannedForEncodings = 0;
			knownRegions = (
				en,
				Base,
			);
			mainGroup = 80688A5A204CE4CA00F0CDE0;
			productRefGroup = 80688A64204CE4CB00F0CDE0 /* Products */;
			projectDirPath = "";
			projectRoot = "";
			targets = (
				80688A62204CE4CB00F0CDE0 /* Swift进阶知识1 */,
			);
		};
/* End PBXProject section */

/* Begin PBXResourcesBuildPhase section */
		80688A61204CE4CB00F0CDE0 /* Resources */ = {
			isa = PBXResourcesBuildPhase;
			buildActionMask = 2147483647;
			files = (
				80688A71204CE4CB00F0CDE0 /* LaunchScreen.storyboard in Resources */,
				80688A6E204CE4CB00F0CDE0 /* Assets.xcassets in Resources */,
				80688A6C204CE4CB00F0CDE0 /* Main.storyboard in Resources */,
			);
			runOnlyForDeploymentPostprocessing = 0;
		};
/* End PBXResourcesBuildPhase section */

/* Begin PBXSourcesBuildPhase section */
		80688A5F204CE4CB00F0CDE0 /* Sources */ = {
			isa = PBXSourcesBuildPhase;
			buildActionMask = 2147483647;
			files = (
				80688A79204D103F00F0CDE0 /* Person.swift in Sources */,
				80688A69204CE4CB00F0CDE0 /* ViewController.swift in Sources */,
				80688A67204CE4CB00F0CDE0 /* AppDelegate.swift in Sources */,
				80688A7B204D105D00F0CDE0 /* Student.swift in Sources */,
			);
			runOnlyForDeploymentPostprocessing = 0;
		};
/* End PBXSourcesBuildPhase section */

/* Begin PBXVariantGroup section */
		80688A6A204CE4CB00F0CDE0 /* Main.storyboard */ = {
			isa = PBXVariantGroup;
			children = (
				80688A6B204CE4CB00F0CDE0 /* Base */,
			);
			name = Main.storyboard;
			sourceTree = "<group>";
		};
		80688A6F204CE4CB00F0CDE0 /* LaunchScreen.storyboard */ = {
			isa = PBXVariantGroup;
			children = (
				80688A70204CE4CB00F0CDE0 /* Base */,
			);
			name = LaunchScreen.storyboard;
			sourceTree = "<group>";
		};
/* End PBXVariantGroup section */

/* Begin XCBuildConfiguration section */
		80688A73204CE4CB00F0CDE0 /* Debug */ = {
			isa = XCBuildConfiguration;
			buildSettings = {
				ALWAYS_SEARCH_USER_PATHS = NO;
				CLANG_ANALYZER_NONNULL = YES;
				CLANG_ANALYZER_NUMBER_OBJECT_CONVERSION = YES_AGGRESSIVE;
				CLANG_CXX_LANGUAGE_STANDARD = "gnu++14";
				CLANG_CXX_LIBRARY = "libc++";
				CLANG_ENABLE_MODULES = YES;
				CLANG_ENABLE_OBJC_ARC = YES;
				CLANG_WARN_BLOCK_CAPTURE_AUTORELEASING = YES;
				CLANG_WARN_BOOL_CONVERSION = YES;
				CLANG_WARN_COMMA = YES;
				CLANG_WARN_CONSTANT_CONVERSION = YES;
				CLANG_WARN_DIRECT_OBJC_ISA_USAGE = YES_ERROR;
				CLANG_WARN_DOCUMENTATION_COMMENTS = YES;
				CLANG_WARN_EMPTY_BODY = YES;
				CLANG_WARN_ENUM_CONVERSION = YES;
				CLANG_WARN_INFINITE_RECURSION = YES;
				CLANG_WARN_INT_CONVERSION = YES;
				CLANG_WARN_NON_LITERAL_NULL_CONVERSION = YES;
				CLANG_WARN_OBJC_LITERAL_CONVERSION = YES;
				CLANG_WARN_OBJC_ROOT_CLASS = YES_ERROR;
				CLANG_WARN_RANGE_LOOP_ANALYSIS = YES;
				CLANG_WARN_STRICT_PROTOTYPES = YES;
				CLANG_WARN_SUSPICIOUS_MOVE = YES;
				CLANG_WARN_UNGUARDED_AVAILABILITY = YES_AGGRESSIVE;
				CLANG_WARN_UNREACHABLE_CODE = YES;
				CLANG_WARN__DUPLICATE_METHOD_MATCH = YES;
				CODE_SIGN_IDENTITY = "iPhone Developer";
				COPY_PHASE_STRIP = NO;
				DEBUG_INFORMATION_FORMAT = dwarf;
				ENABLE_STRICT_OBJC_MSGSEND = YES;
				ENABLE_TESTABILITY = YES;
				GCC_C_LANGUAGE_STANDARD = gnu11;
				GCC_DYNAMIC_NO_PIC = NO;
				GCC_NO_COMMON_BLOCKS = YES;
				GCC_OPTIMIZATION_LEVEL = 0;
				GCC_PREPROCESSOR_DEFINITIONS = (
					"DEBUG=1",
					"$(inherited)",
				);
				GCC_WARN_64_TO_32_BIT_CONVERSION = YES;
				GCC_WARN_ABOUT_RETURN_TYPE = YES_ERROR;
				GCC_WARN_UNDECLARED_SELECTOR = YES;
				GCC_WARN_UNINITIALIZED_AUTOS = YES_AGGRESSIVE;
				GCC_WARN_UNUSED_FUNCTION = YES;
				GCC_WARN_UNUSED_VARIABLE = YES;
				IPHONEOS_DEPLOYMENT_TARGET = 11.2;
				MTL_ENABLE_DEBUG_INFO = YES;
				ONLY_ACTIVE_ARCH = YES;
				SDKROOT = iphoneos;
				SWIFT_ACTIVE_COMPILATION_CONDITIONS = DEBUG;
				SWIFT_OPTIMIZATION_LEVEL = "-Onone";
			};
			name = Debug;
		};
		80688A74204CE4CB00F0CDE0 /* Release */ = {
			isa = XCBuildConfiguration;
			buildSettings = {
				ALWAYS_SEARCH_USER_PATHS = NO;
				CLANG_ANALYZER_NONNULL = YES;
				CLANG_ANALYZER_NUMBER_OBJECT_CONVERSION = YES_AGGRESSIVE;
				CLANG_CXX_LANGUAGE_STANDARD = "gnu++14";
				CLANG_CXX_LIBRARY = "libc++";
				CLANG_ENABLE_MODULES = YES;
				CLANG_ENABLE_OBJC_ARC = YES;
				CLANG_WARN_BLOCK_CAPTURE_AUTORELEASING = YES;
				CLANG_WARN_BOOL_CONVERSION = YES;
				CLANG_WARN_COMMA = YES;
				CLANG_WARN_CONSTANT_CONVERSION = YES;
				CLANG_WARN_DIRECT_OBJC_ISA_USAGE = YES_ERROR;
				CLANG_WARN_DOCUMENTATION_COMMENTS = YES;
				CLANG_WARN_EMPTY_BODY = YES;
				CLANG_WARN_ENUM_CONVERSION = YES;
				CLANG_WARN_INFINITE_RECURSION = YES;
				CLANG_WARN_INT_CONVERSION = YES;
				CLANG_WARN_NON_LITERAL_NULL_CONVERSION = YES;
				CLANG_WARN_OBJC_LITERAL_CONVERSION = YES;
				CLANG_WARN_OBJC_ROOT_CLASS = YES_ERROR;
				CLANG_WARN_RANGE_LOOP_ANALYSIS = YES;
				CLANG_WARN_STRICT_PROTOTYPES = YES;
				CLANG_WARN_SUSPICIOUS_MOVE = YES;
				CLANG_WARN_UNGUARDED_AVAILABILITY = YES_AGGRESSIVE;
				CLANG_WARN_UNREACHABLE_CODE = YES;
				CLANG_WARN__DUPLICATE_METHOD_MATCH = YES;
				CODE_SIGN_IDENTITY = "iPhone Developer";
				COPY_PHASE_STRIP = NO;
				DEBUG_INFORMATION_FORMAT = "dwarf-with-dsym";
				ENABLE_NS_ASSERTIONS = NO;
				ENABLE_STRICT_OBJC_MSGSEND = YES;
				GCC_C_LANGUAGE_STANDARD = gnu11;
				GCC_NO_COMMON_BLOCKS = YES;
				GCC_WARN_64_TO_32_BIT_CONVERSION = YES;
				GCC_WARN_ABOUT_RETURN_TYPE = YES_ERROR;
				GCC_WARN_UNDECLARED_SELECTOR = YES;
				GCC_WARN_UNINITIALIZED_AUTOS = YES_AGGRESSIVE;
				GCC_WARN_UNUSED_FUNCTION = YES;
				GCC_WARN_UNUSED_VARIABLE = YES;
				IPHONEOS_DEPLOYMENT_TARGET = 11.2;
				MTL_ENABLE_DEBUG_INFO = NO;
				SDKROOT = iphoneos;
				SWIFT_OPTIMIZATION_LEVEL = "-Owholemodule";
				VALIDATE_PRODUCT = YES;
			};
			name = Release;
		};
		80688A76204CE4CB00F0CDE0 /* Debug */ = {
			isa = XCBuildConfiguration;
			buildSettings = {
				ASSETCATALOG_COMPILER_APPICON_NAME = AppIcon;
				CODE_SIGN_STYLE = Automatic;
				DEVELOPMENT_TEAM = 4K963G24NF;
				INFOPLIST_FILE = "Swift进阶知识1/Info.plist";
				LD_RUNPATH_SEARCH_PATHS = "$(inherited) @executable_path/Frameworks";
				PRODUCT_BUNDLE_IDENTIFIER = "com.zxh.Swift----1";
				PRODUCT_NAME = "$(TARGET_NAME)";
				SWIFT_VERSION = 4.0;
				TARGETED_DEVICE_FAMILY = "1,2";
			};
			name = Debug;
		};
		80688A77204CE4CB00F0CDE0 /* Release */ = {
			isa = XCBuildConfiguration;
			buildSettings = {
				ASSETCATALOG_COMPILER_APPICON_NAME = AppIcon;
				CODE_SIGN_STYLE = Automatic;
				DEVELOPMENT_TEAM = 4K963G24NF;
				INFOPLIST_FILE = "Swift进阶知识1/Info.plist";
				LD_RUNPATH_SEARCH_PATHS = "$(inherited) @executable_path/Frameworks";
				PRODUCT_BUNDLE_IDENTIFIER = "com.zxh.Swift----1";
				PRODUCT_NAME = "$(TARGET_NAME)";
				SWIFT_VERSION = 4.0;
				TARGETED_DEVICE_FAMILY = "1,2";
			};
			name = Release;
		};
/* End XCBuildConfiguration section */

/* Begin XCConfigurationList section */
		80688A5E204CE4CA00F0CDE0 /* Build configuration list for PBXProject "Swift进阶知识1" */ = {
			isa = XCConfigurationList;
			buildConfigurations = (
				80688A73204CE4CB00F0CDE0 /* Debug */,
				80688A74204CE4CB00F0CDE0 /* Release */,
			);
			defaultConfigurationIsVisible = 0;
			defaultConfigurationName = Release;
		};
		80688A75204CE4CB00F0CDE0 /* Build configuration list for PBXNativeTarget "Swift进阶知识1" */ = {
			isa = XCConfigurationList;
			buildConfigurations = (
				80688A76204CE4CB00F0CDE0 /* Debug */,
				80688A77204CE4CB00F0CDE0 /* Release */,
			);
			defaultConfigurationIsVisible = 0;
			defaultConfigurationName = Release;
		};
/* End XCConfigurationList section */
	};
	rootObject = 80688A5B204CE4CA00F0CDE0 /* Project object */;
}
